dependencies:
  espressif/usb:
    component_hash: 4f00ced5663505a368bafcb9bb6b2e4a5033cc5625b8f510755a75baadf4ff1d
    dependencies:
    - name: idf
      require: private
      version: '>=5.4'
    source:
      registry_url: https://components.espressif.com
      type: service
    targets:
    - esp32s2
    - esp32s3
    - esp32s31
    - esp32p4
    - esp32h4
    - linux
    version: 1.4.0
  espressif/usb_host_msc:
    component_hash: a7330d2bc4f81c21fd335df073405085bbad5cdf084a1be79fb52383d0d0d6fd
    dependencies:
    - name: idf
      require: private
      version: '>=5.0'
    - name: espressif/usb
      registry_url: https://components.espressif.com
      require: public
      rules:
      - if: idf_version >=6.0
      - if: target not in ["linux"]
      version: ^1.0.0
    source:
      registry_url: https://components.espressif.com/
      type: service
    targets:
    - esp32s2
    - esp32s3
    - esp32p4
    - esp32h4
    - esp32s31
    - linux
    version: 1.2.0
  idf:
    source:
      type: idf
    version: 6.0.1
direct_dependencies:
- espressif/usb_host_msc
- idf
manifest_hash: 5c014b52d2625d898b6e3633f2deb537458c358923dc277680e206739cb0dbe1
target: esp32p4
version: 3.0.0
