dependencies:
  cmd_system:
    dependencies: []
    source:
      path: ..\..\..\..\esp\v6.0.1\esp-idf\examples\system\console\advanced\components\cmd_system
      type: local
    version: '*'
  esp-qa/coexist-cmd:
    component_hash: 71156a75746d1da3d5534b9acd45be37c293395e271f9712db197ce810555ae5
    dependencies:
    - name: idf
      require: private
      version: '>=5.3'
    source:
      registry_url: https://components.espressif.com/
      type: service
    version: 0.0.2
  esp-qa/ping-cmd:
    component_hash: fe97de564088c2152234a27135e04b1db0b6a1f2075a684369f4a1f537502005
    dependencies:
    - name: idf
      require: private
      version: '>=4.3'
    source:
      registry_url: https://components.espressif.com/
      type: service
    version: 1.0.0
  esp-qa/wifi-cmd:
    component_hash: c44a506cafc66c65c92824636ee1e851871a36315914a4eac2aa8b99b39946c2
    dependencies:
    - name: idf
      require: private
      version: '>=4.3'
    source:
      registry_url: https://components.espressif.com/
      type: service
    version: 0.2.11
  espressif/eppp_link:
    component_hash: 04f7f31868b8ae6014c96132740a192d09611a6e46aaa7038c865ffc7e26b38f
    dependencies:
    - name: espressif/esp_serial_slave_link
      registry_url: https://components.espressif.com
      require: private
      version: ^1.1.0
    - name: idf
      require: private
      version: '>=5.2'
    source:
      registry_url: https://components.espressif.com
      type: service
    version: 1.1.5
  espressif/esp-extconn:
    component_hash: 0d11bcc2a64dbaa5f8fa58f66bc152307f95afb12fca8a1c9311fbeb215a06f6
    dependencies:
    - name: idf
      require: private
      version: '>=5.3.0'
    source:
      registry_url: https://components.espressif.com/
      type: service
    version: 0.3.3
  espressif/esp_hosted:
    component_hash: a424e4cf8de13b657d09f14dbd615cc946cffdc3f032509915d3058f4637fa72
    dependencies:
    - name: idf
      require: private
      version: '>=5.3'
    source:
      registry_url: https://components.espressif.com/
      type: service
    version: 2.12.7
  espressif/esp_serial_slave_link:
    component_hash: ac1776806de0a6e371c84e87898bb983e19ce62aa7f1e2e5c4a3b0234a575d2c
    dependencies:
    - name: idf
      require: private
      version: '>=5.0'
    source:
      registry_url: https://components.espressif.com
      type: service
    version: 1.1.2
  espressif/esp_wifi_remote:
    component_hash: 97b683db5244f4d224997a9d00d09a8f0e13ea0cf39566e1f3b3a11d73f68ee0
    dependencies:
    - name: espressif/esp_hosted
      registry_url: https://components.espressif.com
      require: private
      rules:
      - if: target in [esp32h2, esp32p4]
      version: '>=2.11'
    - name: espressif/wifi_remote_over_eppp
      registry_url: https://components.espressif.com
      require: private
      version: '>=0.1'
    - name: idf
      require: private
      version: '>=5.3'
    source:
      registry_url: https://components.espressif.com/
      type: service
    version: 1.5.2
  espressif/iperf:
    component_hash: 7ee222b87da6e69118814a1e04fbc6e0af6814cdd364f7f51cb58770d2478224
    dependencies:
    - name: idf
      require: private
      version: '>=4.3'
    source:
      registry_url: https://components.espressif.com
      type: service
    version: 1.0.2
  espressif/iperf-cmd:
    component_hash: 112e912c230db6e8863194854950a83d8ed042101d9c57ebdfab8a505c8d8c21
    dependencies:
    - name: espressif/iperf
      registry_url: https://components.espressif.com
      require: private
      version: =1.0.2
    - name: idf
      require: private
      version: '>=4.3'
    source:
      registry_url: https://components.espressif.com/
      type: service
    version: 1.0.2
  espressif/wifi_remote_over_eppp:
    component_hash: 06d8bc15348bbd21f1390daace36ed5adcf6026c93c5b69decc55fa04df2711a
    dependencies:
    - name: idf
      require: private
      version: '>=5.3'
    - name: espressif/eppp_link
      registry_url: https://components.espressif.com
      require: private
      version: '>=0.1'
    source:
      registry_url: https://components.espressif.com
      type: service
    version: 0.3.2
  idf:
    source:
      type: idf
    version: 6.0.1
direct_dependencies:
- cmd_system
- esp-qa/coexist-cmd
- esp-qa/ping-cmd
- esp-qa/wifi-cmd
- espressif/esp-extconn
- espressif/esp_hosted
- espressif/esp_wifi_remote
- espressif/iperf-cmd
manifest_hash: c6fda7e06055ffe3a3e8b10ba5de41abb87879a8977975b018458cf04e939493
target: esp32p4
version: 3.0.0
